// !$*UTF8*$!
{
	archiveVersion = 1;
	classes = {
	};
	objectVersion = 50;
	objects = {

/* Begin PBXBuildFile section */
		F4DFBCA621BB33DA00EAC7EC /* AppDelegate.swift in Sources */ = {isa = PBXBuildFile; fileRef = F4DFBCA521BB33DA00EAC7EC /* AppDelegate.swift */; };
		F4DFBCA821BB33DA00EAC7EC /* ViewController.swift in Sources */ = {isa = PBXBuildFile; fileRef = F4DFBCA721BB33DA00EAC7EC /* ViewController.swift */; };
		F4DFBCAB21BB33DA00EAC7EC /* Main.storyboard in Resources */ = {isa = PBXBuildFile; fileRef = F4DFBCA921BB33DA00EAC7EC /* Main.storyboard */; };
		F4DFBCAD21BB33DB00EAC7EC /* Assets.xcassets in Resources */ = {isa = PBXBuildFile; fileRef = F4DFBCAC21BB33DB00EAC7EC /* Assets.xcassets */; };
		F4DFBCB021BB33DB00EAC7EC /* LaunchScreen.storyboard in Resources */ = {isa = PBXBuildFile; fileRef = F4DFBCAE21BB33DB00EAC7EC /* LaunchScreen.storyboard */; };
		F4DFBCBB21BB33DB00EAC7EC /* TravelicTests.swift in Sources */ = {isa = PBXBuildFile; fileRef = F4DFBCBA21BB33DB00EAC7EC /* TravelicTests.swift */; };
		F4DFBCC621BB33DB00EAC7EC /* TravelicUITests.swift in Sources */ = {isa = PBXBuildFile; fileRef = F4DFBCC521BB33DB00EAC7EC /* TravelicUITests.swift */; };
/* End PBXBuildFile section */

/* Begin PBXContainerItemProxy section */
		F4DFBCB721BB33DB00EAC7EC /* PBXContainerItemProxy */ = {
			isa = PBXContainerItemProxy;
			containerPortal = F4DFBC9A21BB33D900EAC7EC /* Project object */;
			proxyType = 1;
			remoteGlobalIDString = F4DFBCA121BB33DA00EAC7EC;
			remoteInfo = Travelic;
		};
		F4DFBCC221BB33DB00EAC7EC /* PBXContainerItemProxy */ = {
			isa = PBXContainerItemProxy;
			containerPortal = F4DFBC9A21BB33D900EAC7EC /* Project object */;
			proxyType = 1;
			remoteGlobalIDString = F4DFBCA121BB33DA00EAC7EC;
			remoteInfo = Travelic;
		};
/* End PBXContainerItemProxy section */

/* Begin PBXFileReference section */
		F4DFBCA221BB33DA00EAC7EC /* Travelic.app */ = {isa = PBXFileReference; explicitFileType = wrapper.application; includeInIndex = 0; path = Travelic.app; sourceTree = BUILT_PRODUCTS_DIR; };
		F4DFBCA521BB33DA00EAC7EC /* AppDelegate.swift */ = {isa = PBXFileReference; lastKnownFileType = sourcecode.swift; path = AppDelegate.swift; sourceTree = "<group>"; };
		F4DFBCA721BB33DA00EAC7EC /* ViewController.swift */ = {isa = PBXFileReference; lastKnownFileType = sourcecode.swift; path = ViewController.swift; sourceTree = "<group>"; };
		F4DFBCAA21BB33DA00EAC7EC /* Base */ = {isa = PBXFileReference; lastKnownFileType = file.storyboard; name = Base; path = Base.lproj/Main.storyboard; sourceTree = "<group>"; };
		F4DFBCAC21BB33DB00EAC7EC /* Assets.xcassets */ = {isa = PBXFileReference; lastKnownFileType = folder.assetcatalog; path = Assets.xcassets; sourceTree = "<group>"; };
		F4DFBCAF21BB33DB00EAC7EC /* Base */ = {isa = PBXFileReference; lastKnownFileType = file.storyboard; name = Base; path = Base.lproj/LaunchScreen.storyboard; sourceTree = "<group>"; };
		F4DFBCB121BB33DB00EAC7EC /* Info.plist */ = {isa = PBXFileReference; lastKnownFileType = text.plist.xml; path = Info.plist; sourceTree = "<group>"; };
		F4DFBCB621BB33DB00EAC7EC /* TravelicTests.xctest */ = {isa = PBXFileReference; explicitFileType = wrapper.cfbundle; includeInIndex = 0; path = TravelicTests.xctest; sourceTree = BUILT_PRODUCTS_DIR; };
		F4DFBCBA21BB33DB00EAC7EC /* TravelicTests.swift */ = {isa = PBXFileReference; lastKnownFileType = sourcecode.swift; path = TravelicTests.swift; sourceTree = "<group>"; };
		F4DFBCBC21BB33DB00EAC7EC /* Info.plist */ = {isa = PBXFileReference; lastKnownFileType = text.plist.xml; path = Info.plist; sourceTree = "<group>"; };
		F4DFBCC121BB33DB00EAC7EC /* TravelicUITests.xctest */ = {isa = PBXFileReference; explicitFileType = wrapper.cfbundle; includeInIndex = 0; path = TravelicUITests.xctest; sourceTree = BUILT_PRODUCTS_DIR; };
		F4DFBCC521BB33DB00EAC7EC /* TravelicUITests.swift */ = {isa = PBXFileReference; lastKnownFileType = sourcecode.swift; path = TravelicUITests.swift; sourceTree = "<group>"; };
		F4DFBCC721BB33DB00EAC7EC /* Info.plist */ = {isa = PBXFileReference; lastKnownFileType = text.plist.xml; path = Info.plist; sourceTree = "<group>"; };
/* End PBXFileReference section */

/* Begin PBXFrameworksBuildPhase section */
		F4DFBC9F21BB33DA00EAC7EC /* Frameworks */ = {
			isa = PBXFrameworksBuildPhase;
			buildActionMask = 2147483647;
			files = (
			);
			runOnlyForDeploymentPostprocessing = 0;
		};
		F4DFBCB321BB33DB00EAC7EC /* Frameworks */ = {
			isa = PBXFrameworksBuildPhase;
			buildActionMask = 2147483647;
			files = (
			);
			runOnlyForDeploymentPostprocessing = 0;
		};
		F4DFBCBE21BB33DB00EAC7EC /* Frameworks */ = {
			isa = PBXFrameworksBuildPhase;
			buildActionMask = 2147483647;
			files = (
			);
			runOnlyForDeploymentPostprocessing = 0;
		};
/* End PBXFrameworksBuildPhase section */

/* Begin PBXGroup section */
		F4DFBC9921BB33D900EAC7EC = {
			isa = PBXGroup;
			children = (
				F4DFBCA421BB33DA00EAC7EC /* Travelic */,
				F4DFBCB921BB33DB00EAC7EC /* TravelicTests */,
				F4DFBCC421BB33DB00EAC7EC /* TravelicUITests */,
				F4DFBCA321BB33DA00EAC7EC /* Products */,
			);
			sourceTree = "<group>";
		};
		F4DFBCA321BB33DA00EAC7EC /* Products */ = {
			isa = PBXGroup;
			children = (
				F4DFBCA221BB33DA00EAC7EC /* Travelic.app */,
				F4DFBCB621BB33DB00EAC7EC /* TravelicTests.xctest */,
				F4DFBCC121BB33DB00EAC7EC /* TravelicUITests.xctest */,
			);
			name = Products;
			sourceTree = "<group>";
		};
		F4DFBCA421BB33DA00EAC7EC /* Travelic */ = {
			isa = PBXGroup;
			children = (
				F4DFBCA521BB33DA00EAC7EC /* AppDelegate.swift */,
				F4DFBCA721BB33DA00EAC7EC /* ViewController.swift */,
				F4DFBCA921BB33DA00EAC7EC /* Main.storyboard */,
				F4DFBCAC21BB33DB00EAC7EC /* Assets.xcassets */,
				F4DFBCAE21BB33DB00EAC7EC /* LaunchScreen.storyboard */,
				F4DFBCB121BB33DB00EAC7EC /* Info.plist */,
			);
			path = Travelic;
			sourceTree = "<group>";
		};
		F4DFBCB921BB33DB00EAC7EC /* TravelicTests */ = {
			isa = PBXGroup;
			children = (
				F4DFBCBA21BB33DB00EAC7EC /* TravelicTests.swift */,
				F4DFBCBC21BB33DB00EAC7EC /* Info.plist */,
			);
			path = TravelicTests;
			sourceTree = "<group>";
		};
		F4DFBCC421BB33DB00EAC7EC /* TravelicUITests */ = {
			isa = PBXGroup;
			children = (
				F4DFBCC521BB33DB00EAC7EC /* TravelicUITests.swift */,
				F4DFBCC721BB33DB00EAC7EC /* Info.plist */,
			);
			path = TravelicUITests;
			sourceTree = "<group>";
		};
/* End PBXGroup section */

/* Begin PBXNativeTarget section */
		F4DFBCA121BB33DA00EAC7EC /* Travelic */ = {
			isa = PBXNativeTarget;
			buildConfigurationList = F4DFBCCA21BB33DB00EAC7EC /* Build configuration list for PBXNativeTarget "Travelic" */;
			buildPhases = (
				F4DFBC9E21BB33DA00EAC7EC /* Sources */,
				F4DFBC9F21BB33DA00EAC7EC /* Frameworks */,
				F4DFBCA021BB33DA00EAC7EC /* Resources */,
			);
			buildRules = (
			);
			dependencies = (
			);
			name = Travelic;
			productName = Travelic;
			productReference = F4DFBCA221BB33DA00EAC7EC /* Travelic.app */;
			productType = "com.apple.product-type.application";
		};
		F4DFBCB521BB33DB00EAC7EC /* TravelicTests */ = {
			isa = PBXNativeTarget;
			buildConfigurationList = F4DFBCCD21BB33DB00EAC7EC /* Build configuration list for PBXNativeTarget "TravelicTests" */;
			buildPhases = (
				F4DFBCB221BB33DB00EAC7EC /* Sources */,
				F4DFBCB321BB33DB00EAC7EC /* Frameworks */,
				F4DFBCB421BB33DB00EAC7EC /* Resources */,
			);
			buildRules = (
			);
			dependencies = (
				F4DFBCB821BB33DB00EAC7EC /* PBXTargetDependency */,
			);
			name = TravelicTests;
			productName = TravelicTests;
			productReference = F4DFBCB621BB33DB00EAC7EC /* TravelicTests.xctest */;
			productType = "com.apple.product-type.bundle.unit-test";
		};
		F4DFBCC021BB33DB00EAC7EC /* TravelicUITests */ = {
			isa = PBXNativeTarget;
			buildConfigurationList = F4DFBCD021BB33DB00EAC7EC /* Build configuration list for PBXNativeTarget "TravelicUITests" */;
			buildPhases = (
				F4DFBCBD21BB33DB00EAC7EC /* Sources */,
				F4DFBCBE21BB33DB00EAC7EC /* Frameworks */,
				F4DFBCBF21BB33DB00EAC7EC /* Resources */,
			);
			buildRules = (
			);
			dependencies = (
				F4DFBCC321BB33DB00EAC7EC /* PBXTargetDependency */,
			);
			name = TravelicUITests;
			productName = TravelicUITests;
			productReference = F4DFBCC121BB33DB00EAC7EC /* TravelicUITests.xctest */;
			productType = "com.apple.product-type.bundle.ui-testing";
		};
/* End PBXNativeTarget section */

/* Begin PBXProject section */
		F4DFBC9A21BB33D900EAC7EC /* Project object */ = {
			isa = PBXProject;
			attributes = {
				LastSwiftUpdateCheck = 1000;
				LastUpgradeCheck = 1000;
				ORGANIZATIONNAME = "Fatma Mohamed";
				TargetAttributes = {
					F4DFBCA121BB33DA00EAC7EC = {
						CreatedOnToolsVersion = 10.0;
					};
					F4DFBCB521BB33DB00EAC7EC = {
						CreatedOnToolsVersion = 10.0;
						TestTargetID = F4DFBCA121BB33DA00EAC7EC;
					};
					F4DFBCC021BB33DB00EAC7EC = {
						CreatedOnToolsVersion = 10.0;
						TestTargetID = F4DFBCA121BB33DA00EAC7EC;
					};
				};
			};
			buildConfigurationList = F4DFBC9D21BB33D900EAC7EC /* Build configuration list for PBXProject "Travelic" */;
			compatibilityVersion = "Xcode 9.3";
			developmentRegion = en;
			hasScannedForEncodings = 0;
			knownRegions = (
				en,
				Base,
			);
			mainGroup = F4DFBC9921BB33D900EAC7EC;
			productRefGroup = F4DFBCA321BB33DA00EAC7EC /* Products */;
			projectDirPath = "";
			projectRoot = "";
			targets = (
				F4DFBCA121BB33DA00EAC7EC /* Travelic */,
				F4DFBCB521BB33DB00EAC7EC /* TravelicTests */,
				F4DFBCC021BB33DB00EAC7EC /* TravelicUITests */,
			);
		};
/* End PBXProject section */

/* Begin PBXResourcesBuildPhase section */
		F4DFBCA021BB33DA00EAC7EC /* Resources */ = {
			isa = PBXResourcesBuildPhase;
			buildActionMask = 2147483647;
			files = (
				F4DFBCB021BB33DB00EAC7EC /* LaunchScreen.storyboard in Resources */,
				F4DFBCAD21BB33DB00EAC7EC /* Assets.xcassets in Resources */,
				F4DFBCAB21BB33DA00EAC7EC /* Main.storyboard in Resources */,
			);
			runOnlyForDeploymentPostprocessing = 0;
		};
		F4DFBCB421BB33DB00EAC7EC /* Resources */ = {
			isa = PBXResourcesBuildPhase;
			buildActionMask = 2147483647;
			files = (
			);
			runOnlyForDeploymentPostprocessing = 0;
		};
		F4DFBCBF21BB33DB00EAC7EC /* Resources */ = {
			isa = PBXResourcesBuildPhase;
			buildActionMask = 2147483647;
			files = (
			);
			runOnlyForDeploymentPostprocessing = 0;
		};
/* End PBXResourcesBuildPhase section */

/* Begin PBXSourcesBuildPhase section */
		F4DFBC9E21BB33DA00EAC7EC /* Sources */ = {
			isa = PBXSourcesBuildPhase;
			buildActionMask = 2147483647;
			files = (
				F4DFBCA821BB33DA00EAC7EC /* ViewController.swift in Sources */,
				F4DFBCA621BB33DA00EAC7EC /* AppDelegate.swift in Sources */,
			);
			runOnlyForDeploymentPostprocessing = 0;
		};
		F4DFBCB221BB33DB00EAC7EC /* Sources */ = {
			isa = PBXSourcesBuildPhase;
			buildActionMask = 2147483647;
			files = (
				F4DFBCBB21BB33DB00EAC7EC /* TravelicTests.swift in Sources */,
			);
			runOnlyForDeploymentPostprocessing = 0;
		};
		F4DFBCBD21BB33DB00EAC7EC /* Sources */ = {
			isa = PBXSourcesBuildPhase;
			buildActionMask = 2147483647;
			files = (
				F4DFBCC621BB33DB00EAC7EC /* TravelicUITests.swift in Sources */,
			);
			runOnlyForDeploymentPostprocessing = 0;
		};
/* End PBXSourcesBuildPhase section */

/* Begin PBXTargetDependency section */
		F4DFBCB821BB33DB00EAC7EC /* PBXTargetDependency */ = {
			isa = PBXTargetDependency;
			target = F4DFBCA121BB33DA00EAC7EC /* Travelic */;
			targetProxy = F4DFBCB721BB33DB00EAC7EC /* PBXContainerItemProxy */;
		};
		F4DFBCC321BB33DB00EAC7EC /* PBXTargetDependency */ = {
			isa = PBXTargetDependency;
			target = F4DFBCA121BB33DA00EAC7EC /* Travelic */;
			targetProxy = F4DFBCC221BB33DB00EAC7EC /* PBXContainerItemProxy */;
		};
/* End PBXTargetDependency section */

/* Begin PBXVariantGroup section */
		F4DFBCA921BB33DA00EAC7EC /* Main.storyboard */ = {
			isa = PBXVariantGroup;
			children = (
				F4DFBCAA21BB33DA00EAC7EC /* Base */,
			);
			name = Main.storyboard;
			sourceTree = "<group>";
		};
		F4DFBCAE21BB33DB00EAC7EC /* LaunchScreen.storyboard */ = {
			isa = PBXVariantGroup;
			children = (
				F4DFBCAF21BB33DB00EAC7EC /* Base */,
			);
			name = LaunchScreen.storyboard;
			sourceTree = "<group>";
		};
/* End PBXVariantGroup section */

/* Begin XCBuildConfiguration section */
		F4DFBCC821BB33DB00EAC7EC /* Debug */ = {
			isa = XCBuildConfiguration;
			buildSettings = {
				ALWAYS_SEARCH_USER_PATHS = NO;
				CLANG_ANALYZER_NONNULL = YES;
				CLANG_ANALYZER_NUMBER_OBJECT_CONVERSION = YES_AGGRESSIVE;
				CLANG_CXX_LANGUAGE_STANDARD = "gnu++14";
				CLANG_CXX_LIBRARY = "libc++";
				CLANG_ENABLE_MODULES = YES;
				CLANG_ENABLE_OBJC_ARC = YES;
				CLANG_ENABLE_OBJC_WEAK = YES;
				CLANG_WARN_BLOCK_CAPTURE_AUTORELEASING = YES;
				CLANG_WARN_BOOL_CONVERSION = YES;
				CLANG_WARN_COMMA = YES;
				CLANG_WARN_CONSTANT_CONVERSION = YES;
				CLANG_WARN_DEPRECATED_OBJC_IMPLEMENTATIONS = YES;
				CLANG_WARN_DIRECT_OBJC_ISA_USAGE = YES_ERROR;
				CLANG_WARN_DOCUMENTATION_COMMENTS = YES;
				CLANG_WARN_EMPTY_BODY = YES;
				CLANG_WARN_ENUM_CONVERSION = YES;
				CLANG_WARN_INFINITE_RECURSION = YES;
				CLANG_WARN_INT_CONVERSION = YES;
				CLANG_WARN_NON_LITERAL_NULL_CONVERSION = YES;
				CLANG_WARN_OBJC_IMPLICIT_RETAIN_SELF = YES;
				CLANG_WARN_OBJC_LITERAL_CONVERSION = YES;
				CLANG_WARN_OBJC_ROOT_CLASS = YES_ERROR;
				CLANG_WARN_RANGE_LOOP_ANALYSIS = YES;
				CLANG_WARN_STRICT_PROTOTYPES = YES;
				CLANG_WARN_SUSPICIOUS_MOVE = YES;
				CLANG_WARN_UNGUARDED_AVAILABILITY = YES_AGGRESSIVE;
				CLANG_WARN_UNREACHABLE_CODE = YES;
				CLANG_WARN__DUPLICATE_METHOD_MATCH = YES;
				CODE_SIGN_IDENTITY = "iPhone Developer";
				COPY_PHASE_STRIP = NO;
				DEBUG_INFORMATION_FORMAT = dwarf;
				ENABLE_STRICT_OBJC_MSGSEND = YES;
				ENABLE_TESTABILITY = YES;
				GCC_C_LANGUAGE_STANDARD = gnu11;
				GCC_DYNAMIC_NO_PIC = NO;
				GCC_NO_COMMON_BLOCKS = YES;
				GCC_OPTIMIZATION_LEVEL = 0;
				GCC_PREPROCESSOR_DEFINITIONS = (
					"DEBUG=1",
					"$(inherited)",
				);
				GCC_WARN_64_TO_32_BIT_CONVERSION = YES;
				GCC_WARN_ABOUT_RETURN_TYPE = YES_ERROR;
				GCC_WARN_UNDECLARED_SELECTOR = YES;
				GCC_WARN_UNINITIALIZED_AUTOS = YES_AGGRESSIVE;
				GCC_WARN_UNUSED_FUNCTION = YES;
				GCC_WARN_UNUSED_VARIABLE = YES;
				IPHONEOS_DEPLOYMENT_TARGET = 12.0;
				MTL_ENABLE_DEBUG_INFO = INCLUDE_SOURCE;
				MTL_FAST_MATH = YES;
				ONLY_ACTIVE_ARCH = YES;
				SDKROOT = iphoneos;
				SWIFT_ACTIVE_COMPILATION_CONDITIONS = DEBUG;
				SWIFT_OPTIMIZATION_LEVEL = "-Onone";
			};
			name = Debug;
		};
		F4DFBCC921BB33DB00EAC7EC /* Release */ = {
			isa = XCBuildConfiguration;
			buildSettings = {
				ALWAYS_SEARCH_USER_PATHS = NO;
				CLANG_ANALYZER_NONNULL = YES;
				CLANG_ANALYZER_NUMBER_OBJECT_CONVERSION = YES_AGGRESSIVE;
				CLANG_CXX_LANGUAGE_STANDARD = "gnu++14";
				CLANG_CXX_LIBRARY = "libc++";
				CLANG_ENABLE_MODULES = YES;
				CLANG_ENABLE_OBJC_ARC = YES;
				CLANG_ENABLE_OBJC_WEAK = YES;
				CLANG_WARN_BLOCK_CAPTURE_AUTORELEASING = YES;
				CLANG_WARN_BOOL_CONVERSION = YES;
				CLANG_WARN_COMMA = YES;
				CLANG_WARN_CONSTANT_CONVERSION = YES;
				CLANG_WARN_DEPRECATED_OBJC_IMPLEMENTATIONS = YES;
				CLANG_WARN_DIRECT_OBJC_ISA_USAGE = YES_ERROR;
				CLANG_WARN_DOCUMENTATION_COMMENTS = YES;
				CLANG_WARN_EMPTY_BODY = YES;
				CLANG_WARN_ENUM_CONVERSION = YES;
				CLANG_WARN_INFINITE_RECURSION = YES;
				CLANG_WARN_INT_CONVERSION = YES;
				CLANG_WARN_NON_LITERAL_NULL_CONVERSION = YES;
				CLANG_WARN_OBJC_IMPLICIT_RETAIN_SELF = YES;
				CLANG_WARN_OBJC_LITERAL_CONVERSION = YES;
				CLANG_WARN_OBJC_ROOT_CLASS = YES_ERROR;
				CLANG_WARN_RANGE_LOOP_ANALYSIS = YES;
				CLANG_WARN_STRICT_PROTOTYPES = YES;
				CLANG_WARN_SUSPICIOUS_MOVE = YES;
				CLANG_WARN_UNGUARDED_AVAILABILITY = YES_AGGRESSIVE;
				CLANG_WARN_UNREACHABLE_CODE = YES;
				CLANG_WARN__DUPLICATE_METHOD_MATCH = YES;
				CODE_SIGN_IDENTITY = "iPhone Developer";
				COPY_PHASE_STRIP = NO;
				DEBUG_INFORMATION_FORMAT = "dwarf-with-dsym";
				ENABLE_NS_ASSERTIONS = NO;
				ENABLE_STRICT_OBJC_MSGSEND = YES;
				GCC_C_LANGUAGE_STANDARD = gnu11;
				GCC_NO_COMMON_BLOCKS = YES;
				GCC_WARN_64_TO_32_BIT_CONVERSION = YES;
				GCC_WARN_ABOUT_RETURN_TYPE = YES_ERROR;
				GCC_WARN_UNDECLARED_SELECTOR = YES;
				GCC_WARN_UNINITIALIZED_AUTOS = YES_AGGRESSIVE;
				GCC_WARN_UNUSED_FUNCTION = YES;
				GCC_WARN_UNUSED_VARIABLE = YES;
				IPHONEOS_DEPLOYMENT_TARGET = 12.0;
				MTL_ENABLE_DEBUG_INFO = NO;
				MTL_FAST_MATH = YES;
				SDKROOT = iphoneos;
				SWIFT_COMPILATION_MODE = wholemodule;
				SWIFT_OPTIMIZATION_LEVEL = "-O";
				VALIDATE_PRODUCT = YES;
			};
			name = Release;
		};
		F4DFBCCB21BB33DB00EAC7EC /* Debug */ = {
			isa = XCBuildConfiguration;
			buildSettings = {
				ASSETCATALOG_COMPILER_APPICON_NAME = AppIcon;
				CODE_SIGN_STYLE = Automatic;
				DEVELOPMENT_TEAM = H8Y758UDH3;
				INFOPLIST_FILE = Travelic/Info.plist;
				LD_RUNPATH_SEARCH_PATHS = (
					"$(inherited)",
					"@executable_path/Frameworks",
				);
				PRODUCT_BUNDLE_IDENTIFIER = com.fatmamohamed.Travelic;
				PRODUCT_NAME = "$(TARGET_NAME)";
				SWIFT_VERSION = 4.2;
				TARGETED_DEVICE_FAMILY = "1,2";
			};
			name = Debug;
		};
		F4DFBCCC21BB33DB00EAC7EC /* Release */ = {
			isa = XCBuildConfiguration;
			buildSettings = {
				ASSETCATALOG_COMPILER_APPICON_NAME = AppIcon;
				CODE_SIGN_STYLE = Automatic;
				DEVELOPMENT_TEAM = H8Y758UDH3;
				INFOPLIST_FILE = Travelic/Info.plist;
				LD_RUNPATH_SEARCH_PATHS = (
					"$(inherited)",
					"@executable_path/Frameworks",
				);
				PRODUCT_BUNDLE_IDENTIFIER = com.fatmamohamed.Travelic;
				PRODUCT_NAME = "$(TARGET_NAME)";
				SWIFT_VERSION = 4.2;
				TARGETED_DEVICE_FAMILY = "1,2";
			};
			name = Release;
		};
		F4DFBCCE21BB33DB00EAC7EC /* Debug */ = {
			isa = XCBuildConfiguration;
			buildSettings = {
				ALWAYS_EMBED_SWIFT_STANDARD_LIBRARIES = YES;
				BUNDLE_LOADER = "$(TEST_HOST)";
				CODE_SIGN_STYLE = Automatic;
				DEVELOPMENT_TEAM = H8Y758UDH3;
				INFOPLIST_FILE = TravelicTests/Info.plist;
				LD_RUNPATH_SEARCH_PATHS = (
					"$(inherited)",
					"@executable_path/Frameworks",
					"@loader_path/Frameworks",
				);
				PRODUCT_BUNDLE_IDENTIFIER = com.fatmamohamed.TravelicTests;
				PRODUCT_NAME = "$(TARGET_NAME)";
				SWIFT_VERSION = 4.2;
				TARGETED_DEVICE_FAMILY = "1,2";
				TEST_HOST = "$(BUILT_PRODUCTS_DIR)/Travelic.app/Travelic";
			};
			name = Debug;
		};
		F4DFBCCF21BB33DB00EAC7EC /* Release */ = {
			isa = XCBuildConfiguration;
			buildSettings = {
				ALWAYS_EMBED_SWIFT_STANDARD_LIBRARIES = YES;
				BUNDLE_LOADER = "$(TEST_HOST)";
				CODE_SIGN_STYLE = Automatic;
				DEVELOPMENT_TEAM = H8Y758UDH3;
				INFOPLIST_FILE = TravelicTests/Info.plist;
				LD_RUNPATH_SEARCH_PATHS = (
					"$(inherited)",
					"@executable_path/Frameworks",
					"@loader_path/Frameworks",
				);
				PRODUCT_BUNDLE_IDENTIFIER = com.fatmamohamed.TravelicTests;
				PRODUCT_NAME = "$(TARGET_NAME)";
				SWIFT_VERSION = 4.2;
				TARGETED_DEVICE_FAMILY = "1,2";
				TEST_HOST = "$(BUILT_PRODUCTS_DIR)/Travelic.app/Travelic";
			};
			name = Release;
		};
		F4DFBCD121BB33DB00EAC7EC /* Debug */ = {
			isa = XCBuildConfiguration;
			buildSettings = {
				ALWAYS_EMBED_SWIFT_STANDARD_LIBRARIES = YES;
				CODE_SIGN_STYLE = Automatic;
				DEVELOPMENT_TEAM = H8Y758UDH3;
				INFOPLIST_FILE = TravelicUITests/Info.plist;
				LD_RUNPATH_SEARCH_PATHS = (
					"$(inherited)",
					"@executable_path/Frameworks",
					"@loader_path/Frameworks",
				);
				PRODUCT_BUNDLE_IDENTIFIER = com.fatmamohamed.TravelicUITests;
				PRODUCT_NAME = "$(TARGET_NAME)";
				SWIFT_VERSION = 4.2;
				TARGETED_DEVICE_FAMILY = "1,2";
				TEST_TARGET_NAME = Travelic;
			};
			name = Debug;
		};
		F4DFBCD221BB33DB00EAC7EC /* Release */ = {
			isa = XCBuildConfiguration;
			buildSettings = {
				ALWAYS_EMBED_SWIFT_STANDARD_LIBRARIES = YES;
				CODE_SIGN_STYLE = Automatic;
				DEVELOPMENT_TEAM = H8Y758UDH3;
				INFOPLIST_FILE = TravelicUITests/Info.plist;
				LD_RUNPATH_SEARCH_PATHS = (
					"$(inherited)",
					"@executable_path/Frameworks",
					"@loader_path/Frameworks",
				);
				PRODUCT_BUNDLE_IDENTIFIER = com.fatmamohamed.TravelicUITests;
				PRODUCT_NAME = "$(TARGET_NAME)";
				SWIFT_VERSION = 4.2;
				TARGETED_DEVICE_FAMILY = "1,2";
				TEST_TARGET_NAME = Travelic;
			};
			name = Release;
		};
/* End XCBuildConfiguration section */

/* Begin XCConfigurationList section */
		F4DFBC9D21BB33D900EAC7EC /* Build configuration list for PBXProject "Travelic" */ = {
			isa = XCConfigurationList;
			buildConfigurations = (
				F4DFBCC821BB33DB00EAC7EC /* Debug */,
				F4DFBCC921BB33DB00EAC7EC /* Release */,
			);
			defaultConfigurationIsVisible = 0;
			defaultConfigurationName = Release;
		};
		F4DFBCCA21BB33DB00EAC7EC /* Build configuration list for PBXNativeTarget "Travelic" */ = {
			isa = XCConfigurationList;
			buildConfigurations = (
				F4DFBCCB21BB33DB00EAC7EC /* Debug */,
				F4DFBCCC21BB33DB00EAC7EC /* Release */,
			);
			defaultConfigurationIsVisible = 0;
			defaultConfigurationName = Release;
		};
		F4DFBCCD21BB33DB00EAC7EC /* Build configuration list for PBXNativeTarget "TravelicTests" */ = {
			isa = XCConfigurationList;
			buildConfigurations = (
				F4DFBCCE21BB33DB00EAC7EC /* Debug */,
				F4DFBCCF21BB33DB00EAC7EC /* Release */,
			);
			defaultConfigurationIsVisible = 0;
			defaultConfigurationName = Release;
		};
		F4DFBCD021BB33DB00EAC7EC /* Build configuration list for PBXNativeTarget "TravelicUITests" */ = {
			isa = XCConfigurationList;
			buildConfigurations = (
				F4DFBCD121BB33DB00EAC7EC /* Debug */,
				F4DFBCD221BB33DB00EAC7EC /* Release */,
			);
			defaultConfigurationIsVisible = 0;
			defaultConfigurationName = Release;
		};
/* End XCConfigurationList section */
	};
	rootObject = F4DFBC9A21BB33D900EAC7EC /* Project object */;
}
